
Microsoft Visual Studio Solution File, Format Version 12.00
# Visual Studio Version 17
VisualStudioVersion = 17.3.32929.385
MinimumVisualStudioVersion = 10.0.40219.1
Project("{8BC9CEB8-8B4A-11D0-8D11-00A0C91BC942}") = "Task1", "Task1\Task1.vcxproj", "{84314C29-523D-4456-975C-520A9A2AB2B9}"
EndProject
Project("{8BC9CEB8-8B4A-11D0-8D11-00A0C91BC942}") = "Task2", "Task2\Task2.vcxproj", "{8C6A5B36-C2D6-4202-97FF-A8AAC70E092F}"
EndProject
Project("{8BC9CEB8-8B4A-11D0-8D11-00A0C91BC942}") = "Task3", "Task3\Task3.vcxproj", "{A96E6EDD-B7A7-458E-88F1-AD9228BC737A}"
EndProject
Project("{8BC9CEB8-8B4A-11D0-8D11-00A0C91BC942}") = "Task4", "Task4\Task4.vcxproj", "{2013AC82-F463-4069-AA82-76AAB61E8E18}"
EndProject
Project("{8BC9CEB8-8B4A-11D0-8D11-00A0C91BC942}") = "Task5", "Task5\Task5.vcxproj", "{8115CC3B-337A-4FFE-BF62-DDD28733069A}"
EndProject
Project("{8BC9CEB8-8B4A-11D0-8D11-00A0C91BC942}") = "Task6", "Task6\Task6.vcxproj", "{03A7200E-931F-4A23-A8C9-A48993CE6741}"
EndProject
Project("{8BC9CEB8-8B4A-11D0-8D11-00A0C91BC942}") = "Task7", "Task7\Task7.vcxproj", "{6424B604-4DD0-474A-936A-BB8EBE400776}"
EndProject
Global
	GlobalSection(SolutionConfigurationPlatforms) = preSolution
		Debug|x64 = Debug|x64
		Debug|x86 = Debug|x86
		Release|x64 = Release|x64
		Release|x86 = Release|x86
	EndGlobalSection
	GlobalSection(ProjectConfigurationPlatforms) = postSolution
		{84314C29-523D-4456-975C-520A9A2AB2B9}.Debug|x64.ActiveCfg = Debug|x64
		{84314C29-523D-4456-975C-520A9A2AB2B9}.Debug|x64.Build.0 = Debug|x64
		{84314C29-523D-4456-975C-520A9A2AB2B9}.Debug|x86.ActiveCfg = Debug|Win32
		{84314C29-523D-4456-975C-520A9A2AB2B9}.Debug|x86.Build.0 = Debug|Win32
		{84314C29-523D-4456-975C-520A9A2AB2B9}.Release|x64.ActiveCfg = Release|x64
		{84314C29-523D-4456-975C-520A9A2AB2B9}.Release|x64.Build.0 = Release|x64
		{84314C29-523D-4456-975C-520A9A2AB2B9}.Release|x86.ActiveCfg = Release|Win32
		{84314C29-523D-4456-975C-520A9A2AB2B9}.Release|x86.Build.0 = Release|Win32
		{8C6A5B36-C2D6-4202-97FF-A8AAC70E092F}.Debug|x64.ActiveCfg = Debug|x64
		{8C6A5B36-C2D6-4202-97FF-A8AAC70E092F}.Debug|x64.Build.0 = Debug|x64
		{8C6A5B36-C2D6-4202-97FF-A8AAC70E092F}.Debug|x86.ActiveCfg = Debug|Win32
		{8C6A5B36-C2D6-4202-97FF-A8AAC70E092F}.Debug|x86.Build.0 = Debug|Win32
		{8C6A5B36-C2D6-4202-97FF-A8AAC70E092F}.Release|x64.ActiveCfg = Release|x64
		{8C6A5B36-C2D6-4202-97FF-A8AAC70E092F}.Release|x64.Build.0 = Release|x64
		{8C6A5B36-C2D6-4202-97FF-A8AAC70E092F}.Release|x86.ActiveCfg = Release|Win32
		{8C6A5B36-C2D6-4202-97FF-A8AAC70E092F}.Release|x86.Build.0 = Release|Win32
		{A96E6EDD-B7A7-458E-88F1-AD9228BC737A}.Debug|x64.ActiveCfg = Debug|x64
		{A96E6EDD-B7A7-458E-88F1-AD9228BC737A}.Debug|x64.Build.0 = Debug|x64
		{A96E6EDD-B7A7-458E-88F1-AD9228BC737A}.Debug|x86.ActiveCfg = Debug|Win32
		{A96E6EDD-B7A7-458E-88F1-AD9228BC737A}.Debug|x86.Build.0 = Debug|Win32
		{A96E6EDD-B7A7-458E-88F1-AD9228BC737A}.Release|x64.ActiveCfg = Release|x64
		{A96E6EDD-B7A7-458E-88F1-AD9228BC737A}.Release|x64.Build.0 = Release|x64
		{A96E6EDD-B7A7-458E-88F1-AD9228BC737A}.Release|x86.ActiveCfg = Release|Win32
		{A96E6EDD-B7A7-458E-88F1-AD9228BC737A}.Release|x86.Build.0 = Release|Win32
		{2013AC82-F463-4069-AA82-76AAB61E8E18}.Debug|x64.ActiveCfg = Debug|x64
		{2013AC82-F463-4069-AA82-76AAB61E8E18}.Debug|x64.Build.0 = Debug|x64
		{2013AC82-F463-4069-AA82-76AAB61E8E18}.Debug|x86.ActiveCfg = Debug|Win32
		{2013AC82-F463-4069-AA82-76AAB61E8E18}.Debug|x86.Build.0 = Debug|Win32
		{2013AC82-F463-4069-AA82-76AAB61E8E18}.Release|x64.ActiveCfg = Release|x64
		{2013AC82-F463-4069-AA82-76AAB61E8E18}.Release|x64.Build.0 = Release|x64
		{2013AC82-F463-4069-AA82-76AAB61E8E18}.Release|x86.ActiveCfg = Release|Win32
		{2013AC82-F463-4069-AA82-76AAB61E8E18}.Release|x86.Build.0 = Release|Win32
		{8115CC3B-337A-4FFE-BF62-DDD28733069A}.Debug|x64.ActiveCfg = Debug|x64
		{8115CC3B-337A-4FFE-BF62-DDD28733069A}.Debug|x64.Build.0 = Debug|x64
		{8115CC3B-337A-4FFE-BF62-DDD28733069A}.Debug|x86.ActiveCfg = Debug|Win32
		{8115CC3B-337A-4FFE-BF62-DDD28733069A}.Debug|x86.Build.0 = Debug|Win32
		{8115CC3B-337A-4FFE-BF62-DDD28733069A}.Release|x64.ActiveCfg = Release|x64
		{8115CC3B-337A-4FFE-BF62-DDD28733069A}.Release|x64.Build.0 = Release|x64
		{8115CC3B-337A-4FFE-BF62-DDD28733069A}.Release|x86.ActiveCfg = Release|Win32
		{8115CC3B-337A-4FFE-BF62-DDD28733069A}.Release|x86.Build.0 = Release|Win32
		{03A7200E-931F-4A23-A8C9-A48993CE6741}.Debug|x64.ActiveCfg = Debug|x64
		{03A7200E-931F-4A23-A8C9-A48993CE6741}.Debug|x64.Build.0 = Debug|x64
		{03A7200E-931F-4A23-A8C9-A48993CE6741}.Debug|x86.ActiveCfg = Debug|Win32
		{03A7200E-931F-4A23-A8C9-A48993CE6741}.Debug|x86.Build.0 = Debug|Win32
		{03A7200E-931F-4A23-A8C9-A48993CE6741}.Release|x64.ActiveCfg = Release|x64
		{03A7200E-931F-4A23-A8C9-A48993CE6741}.Release|x64.Build.0 = Release|x64
		{03A7200E-931F-4A23-A8C9-A48993CE6741}.Release|x86.ActiveCfg = Release|Win32
		{03A7200E-931F-4A23-A8C9-A48993CE6741}.Release|x86.Build.0 = Release|Win32
		{6424B604-4DD0-474A-936A-BB8EBE400776}.Debug|x64.ActiveCfg = Debug|x64
		{6424B604-4DD0-474A-936A-BB8EBE400776}.Debug|x64.Build.0 = Debug|x64
		{6424B604-4DD0-474A-936A-BB8EBE400776}.Debug|x86.ActiveCfg = Debug|Win32
		{6424B604-4DD0-474A-936A-BB8EBE400776}.Debug|x86.Build.0 = Debug|Win32
		{6424B604-4DD0-474A-936A-BB8EBE400776}.Release|x64.ActiveCfg = Release|x64
		{6424B604-4DD0-474A-936A-BB8EBE400776}.Release|x64.Build.0 = Release|x64
		{6424B604-4DD0-474A-936A-BB8EBE400776}.Release|x86.ActiveCfg = Release|Win32
		{6424B604-4DD0-474A-936A-BB8EBE400776}.Release|x86.Build.0 = Release|Win32
	EndGlobalSection
	GlobalSection(SolutionProperties) = preSolution
		HideSolutionNode = FALSE
	EndGlobalSection
	GlobalSection(ExtensibilityGlobals) = postSolution
		SolutionGuid = {19880F41-50D7-43D7-BFC0-B28A47E30738}
	EndGlobalSection
EndGlobal
