
Microsoft Visual Studio Solution File, Format Version 12.00
# Visual Studio Version 17
VisualStudioVersion = 17.3.32901.215
MinimumVisualStudioVersion = 10.0.40219.1
Project("{8BC9CEB8-8B4A-11D0-8D11-00A0C91BC942}") = "Task1", "Task1\Task1.vcxproj", "{8EF762B1-89D6-4E1F-B4AA-8680B247D627}"
EndProject
Project("{8BC9CEB8-8B4A-11D0-8D11-00A0C91BC942}") = "Task2", "Task2\Task2.vcxproj", "{DB6976BF-FE79-44DE-ADE4-BD1DA69BD7B5}"
EndProject
Project("{8BC9CEB8-8B4A-11D0-8D11-00A0C91BC942}") = "Task3", "Task3\Task3.vcxproj", "{2EFD6D0A-2A27-4C3F-BACF-0A6203B2369A}"
EndProject
Project("{8BC9CEB8-8B4A-11D0-8D11-00A0C91BC942}") = "Task4", "Task4\Task4.vcxproj", "{0AD6AEE0-D2AC-42A8-B988-97D9A3EC617E}"
EndProject
Project("{8BC9CEB8-8B4A-11D0-8D11-00A0C91BC942}") = "Task5", "Task5\Task5.vcxproj", "{11E9E79E-4575-4EEF-8138-E404AB562D08}"
EndProject
Project("{8BC9CEB8-8B4A-11D0-8D11-00A0C91BC942}") = "Task6", "Task6\Task6.vcxproj", "{BD5CF09C-53D7-4456-A1C5-281B81B6AC91}"
EndProject
Project("{8BC9CEB8-8B4A-11D0-8D11-00A0C91BC942}") = "Task7", "Task7\Task7.vcxproj", "{22D9ECF1-59F2-43A9-943D-9678E5BAD668}"
EndProject
Project("{8BC9CEB8-8B4A-11D0-8D11-00A0C91BC942}") = "Task8", "Task8\Task8.vcxproj", "{76C368EE-AAE5-496B-98D1-42BBAE2AB805}"
EndProject
Project("{8BC9CEB8-8B4A-11D0-8D11-00A0C91BC942}") = "Task9", "Task9\Task9.vcxproj", "{F4F90DF7-3EE4-4905-9E21-6572F98EE16C}"
EndProject
Project("{8BC9CEB8-8B4A-11D0-8D11-00A0C91BC942}") = "Task10", "Task10\Task10.vcxproj", "{341197FD-FDAF-471C-A1E7-725C5234B975}"
EndProject
Global
	GlobalSection(SolutionConfigurationPlatforms) = preSolution
		Debug|x64 = Debug|x64
		Debug|x86 = Debug|x86
		Release|x64 = Release|x64
		Release|x86 = Release|x86
	EndGlobalSection
	GlobalSection(ProjectConfigurationPlatforms) = postSolution
		{8EF762B1-89D6-4E1F-B4AA-8680B247D627}.Debug|x64.ActiveCfg = Debug|x64
		{8EF762B1-89D6-4E1F-B4AA-8680B247D627}.Debug|x64.Build.0 = Debug|x64
		{8EF762B1-89D6-4E1F-B4AA-8680B247D627}.Debug|x86.ActiveCfg = Debug|Win32
		{8EF762B1-89D6-4E1F-B4AA-8680B247D627}.Debug|x86.Build.0 = Debug|Win32
		{8EF762B1-89D6-4E1F-B4AA-8680B247D627}.Release|x64.ActiveCfg = Release|x64
		{8EF762B1-89D6-4E1F-B4AA-8680B247D627}.Release|x64.Build.0 = Release|x64
		{8EF762B1-89D6-4E1F-B4AA-8680B247D627}.Release|x86.ActiveCfg = Release|Win32
		{8EF762B1-89D6-4E1F-B4AA-8680B247D627}.Release|x86.Build.0 = Release|Win32
		{DB6976BF-FE79-44DE-ADE4-BD1DA69BD7B5}.Debug|x64.ActiveCfg = Debug|x64
		{DB6976BF-FE79-44DE-ADE4-BD1DA69BD7B5}.Debug|x64.Build.0 = Debug|x64
		{DB6976BF-FE79-44DE-ADE4-BD1DA69BD7B5}.Debug|x86.ActiveCfg = Debug|Win32
		{DB6976BF-FE79-44DE-ADE4-BD1DA69BD7B5}.Debug|x86.Build.0 = Debug|Win32
		{DB6976BF-FE79-44DE-ADE4-BD1DA69BD7B5}.Release|x64.ActiveCfg = Release|x64
		{DB6976BF-FE79-44DE-ADE4-BD1DA69BD7B5}.Release|x64.Build.0 = Release|x64
		{DB6976BF-FE79-44DE-ADE4-BD1DA69BD7B5}.Release|x86.ActiveCfg = Release|Win32
		{DB6976BF-FE79-44DE-ADE4-BD1DA69BD7B5}.Release|x86.Build.0 = Release|Win32
		{2EFD6D0A-2A27-4C3F-BACF-0A6203B2369A}.Debug|x64.ActiveCfg = Debug|x64
		{2EFD6D0A-2A27-4C3F-BACF-0A6203B2369A}.Debug|x64.Build.0 = Debug|x64
		{2EFD6D0A-2A27-4C3F-BACF-0A6203B2369A}.Debug|x86.ActiveCfg = Debug|Win32
		{2EFD6D0A-2A27-4C3F-BACF-0A6203B2369A}.Debug|x86.Build.0 = Debug|Win32
		{2EFD6D0A-2A27-4C3F-BACF-0A6203B2369A}.Release|x64.ActiveCfg = Release|x64
		{2EFD6D0A-2A27-4C3F-BACF-0A6203B2369A}.Release|x64.Build.0 = Release|x64
		{2EFD6D0A-2A27-4C3F-BACF-0A6203B2369A}.Release|x86.ActiveCfg = Release|Win32
		{2EFD6D0A-2A27-4C3F-BACF-0A6203B2369A}.Release|x86.Build.0 = Release|Win32
		{0AD6AEE0-D2AC-42A8-B988-97D9A3EC617E}.Debug|x64.ActiveCfg = Debug|x64
		{0AD6AEE0-D2AC-42A8-B988-97D9A3EC617E}.Debug|x64.Build.0 = Debug|x64
		{0AD6AEE0-D2AC-42A8-B988-97D9A3EC617E}.Debug|x86.ActiveCfg = Debug|Win32
		{0AD6AEE0-D2AC-42A8-B988-97D9A3EC617E}.Debug|x86.Build.0 = Debug|Win32
		{0AD6AEE0-D2AC-42A8-B988-97D9A3EC617E}.Release|x64.ActiveCfg = Release|x64
		{0AD6AEE0-D2AC-42A8-B988-97D9A3EC617E}.Release|x64.Build.0 = Release|x64
		{0AD6AEE0-D2AC-42A8-B988-97D9A3EC617E}.Release|x86.ActiveCfg = Release|Win32
		{0AD6AEE0-D2AC-42A8-B988-97D9A3EC617E}.Release|x86.Build.0 = Release|Win32
		{11E9E79E-4575-4EEF-8138-E404AB562D08}.Debug|x64.ActiveCfg = Debug|x64
		{11E9E79E-4575-4EEF-8138-E404AB562D08}.Debug|x64.Build.0 = Debug|x64
		{11E9E79E-4575-4EEF-8138-E404AB562D08}.Debug|x86.ActiveCfg = Debug|Win32
		{11E9E79E-4575-4EEF-8138-E404AB562D08}.Debug|x86.Build.0 = Debug|Win32
		{11E9E79E-4575-4EEF-8138-E404AB562D08}.Release|x64.ActiveCfg = Release|x64
		{11E9E79E-4575-4EEF-8138-E404AB562D08}.Release|x64.Build.0 = Release|x64
		{11E9E79E-4575-4EEF-8138-E404AB562D08}.Release|x86.ActiveCfg = Release|Win32
		{11E9E79E-4575-4EEF-8138-E404AB562D08}.Release|x86.Build.0 = Release|Win32
		{BD5CF09C-53D7-4456-A1C5-281B81B6AC91}.Debug|x64.ActiveCfg = Debug|x64
		{BD5CF09C-53D7-4456-A1C5-281B81B6AC91}.Debug|x64.Build.0 = Debug|x64
		{BD5CF09C-53D7-4456-A1C5-281B81B6AC91}.Debug|x86.ActiveCfg = Debug|Win32
		{BD5CF09C-53D7-4456-A1C5-281B81B6AC91}.Debug|x86.Build.0 = Debug|Win32
		{BD5CF09C-53D7-4456-A1C5-281B81B6AC91}.Release|x64.ActiveCfg = Release|x64
		{BD5CF09C-53D7-4456-A1C5-281B81B6AC91}.Release|x64.Build.0 = Release|x64
		{BD5CF09C-53D7-4456-A1C5-281B81B6AC91}.Release|x86.ActiveCfg = Release|Win32
		{BD5CF09C-53D7-4456-A1C5-281B81B6AC91}.Release|x86.Build.0 = Release|Win32
		{22D9ECF1-59F2-43A9-943D-9678E5BAD668}.Debug|x64.ActiveCfg = Debug|x64
		{22D9ECF1-59F2-43A9-943D-9678E5BAD668}.Debug|x64.Build.0 = Debug|x64
		{22D9ECF1-59F2-43A9-943D-9678E5BAD668}.Debug|x86.ActiveCfg = Debug|Win32
		{22D9ECF1-59F2-43A9-943D-9678E5BAD668}.Debug|x86.Build.0 = Debug|Win32
		{22D9ECF1-59F2-43A9-943D-9678E5BAD668}.Release|x64.ActiveCfg = Release|x64
		{22D9ECF1-59F2-43A9-943D-9678E5BAD668}.Release|x64.Build.0 = Release|x64
		{22D9ECF1-59F2-43A9-943D-9678E5BAD668}.Release|x86.ActiveCfg = Release|Win32
		{22D9ECF1-59F2-43A9-943D-9678E5BAD668}.Release|x86.Build.0 = Release|Win32
		{76C368EE-AAE5-496B-98D1-42BBAE2AB805}.Debug|x64.ActiveCfg = Debug|x64
		{76C368EE-AAE5-496B-98D1-42BBAE2AB805}.Debug|x64.Build.0 = Debug|x64
		{76C368EE-AAE5-496B-98D1-42BBAE2AB805}.Debug|x86.ActiveCfg = Debug|Win32
		{76C368EE-AAE5-496B-98D1-42BBAE2AB805}.Debug|x86.Build.0 = Debug|Win32
		{76C368EE-AAE5-496B-98D1-42BBAE2AB805}.Release|x64.ActiveCfg = Release|x64
		{76C368EE-AAE5-496B-98D1-42BBAE2AB805}.Release|x64.Build.0 = Release|x64
		{76C368EE-AAE5-496B-98D1-42BBAE2AB805}.Release|x86.ActiveCfg = Release|Win32
		{76C368EE-AAE5-496B-98D1-42BBAE2AB805}.Release|x86.Build.0 = Release|Win32
		{F4F90DF7-3EE4-4905-9E21-6572F98EE16C}.Debug|x64.ActiveCfg = Debug|x64
		{F4F90DF7-3EE4-4905-9E21-6572F98EE16C}.Debug|x64.Build.0 = Debug|x64
		{F4F90DF7-3EE4-4905-9E21-6572F98EE16C}.Debug|x86.ActiveCfg = Debug|Win32
		{F4F90DF7-3EE4-4905-9E21-6572F98EE16C}.Debug|x86.Build.0 = Debug|Win32
		{F4F90DF7-3EE4-4905-9E21-6572F98EE16C}.Release|x64.ActiveCfg = Release|x64
		{F4F90DF7-3EE4-4905-9E21-6572F98EE16C}.Release|x64.Build.0 = Release|x64
		{F4F90DF7-3EE4-4905-9E21-6572F98EE16C}.Release|x86.ActiveCfg = Release|Win32
		{F4F90DF7-3EE4-4905-9E21-6572F98EE16C}.Release|x86.Build.0 = Release|Win32
		{341197FD-FDAF-471C-A1E7-725C5234B975}.Debug|x64.ActiveCfg = Debug|x64
		{341197FD-FDAF-471C-A1E7-725C5234B975}.Debug|x64.Build.0 = Debug|x64
		{341197FD-FDAF-471C-A1E7-725C5234B975}.Debug|x86.ActiveCfg = Debug|Win32
		{341197FD-FDAF-471C-A1E7-725C5234B975}.Debug|x86.Build.0 = Debug|Win32
		{341197FD-FDAF-471C-A1E7-725C5234B975}.Release|x64.ActiveCfg = Release|x64
		{341197FD-FDAF-471C-A1E7-725C5234B975}.Release|x64.Build.0 = Release|x64
		{341197FD-FDAF-471C-A1E7-725C5234B975}.Release|x86.ActiveCfg = Release|Win32
		{341197FD-FDAF-471C-A1E7-725C5234B975}.Release|x86.Build.0 = Release|Win32
	EndGlobalSection
	GlobalSection(SolutionProperties) = preSolution
		HideSolutionNode = FALSE
	EndGlobalSection
	GlobalSection(ExtensibilityGlobals) = postSolution
		SolutionGuid = {C0213054-E6E5-4E8F-A904-760010B53C7E}
	EndGlobalSection
EndGlobal
