
Microsoft Visual Studio Solution File, Format Version 12.00
# Visual Studio Version 17
VisualStudioVersion = 17.3.32901.215
MinimumVisualStudioVersion = 10.0.40219.1
Project("{8BC9CEB8-8B4A-11D0-8D11-00A0C91BC942}") = "Task1", "Task1\Task1.vcxproj", "{9C14A2B4-9B9A-422B-B1C0-636771A50753}"
EndProject
Project("{8BC9CEB8-8B4A-11D0-8D11-00A0C91BC942}") = "Task2", "Task2\Task2.vcxproj", "{8ACDDE94-AAC3-4E25-8579-4B52585431EE}"
EndProject
Project("{8BC9CEB8-8B4A-11D0-8D11-00A0C91BC942}") = "Task3", "Task3\Task3.vcxproj", "{13944075-84E0-4D57-8699-07C981140150}"
EndProject
Project("{8BC9CEB8-8B4A-11D0-8D11-00A0C91BC942}") = "Task4", "Task4\Task4.vcxproj", "{57976FDA-74DE-4955-A520-537160677560}"
EndProject
Project("{8BC9CEB8-8B4A-11D0-8D11-00A0C91BC942}") = "Task5", "Task5\Task5.vcxproj", "{D83E2904-B9F9-4ED9-B873-AB6EEA17B8AB}"
EndProject
Global
	GlobalSection(SolutionConfigurationPlatforms) = preSolution
		Debug|x64 = Debug|x64
		Debug|x86 = Debug|x86
		Release|x64 = Release|x64
		Release|x86 = Release|x86
	EndGlobalSection
	GlobalSection(ProjectConfigurationPlatforms) = postSolution
		{9C14A2B4-9B9A-422B-B1C0-636771A50753}.Debug|x64.ActiveCfg = Debug|x64
		{9C14A2B4-9B9A-422B-B1C0-636771A50753}.Debug|x64.Build.0 = Debug|x64
		{9C14A2B4-9B9A-422B-B1C0-636771A50753}.Debug|x86.ActiveCfg = Debug|Win32
		{9C14A2B4-9B9A-422B-B1C0-636771A50753}.Debug|x86.Build.0 = Debug|Win32
		{9C14A2B4-9B9A-422B-B1C0-636771A50753}.Release|x64.ActiveCfg = Release|x64
		{9C14A2B4-9B9A-422B-B1C0-636771A50753}.Release|x64.Build.0 = Release|x64
		{9C14A2B4-9B9A-422B-B1C0-636771A50753}.Release|x86.ActiveCfg = Release|Win32
		{9C14A2B4-9B9A-422B-B1C0-636771A50753}.Release|x86.Build.0 = Release|Win32
		{8ACDDE94-AAC3-4E25-8579-4B52585431EE}.Debug|x64.ActiveCfg = Debug|x64
		{8ACDDE94-AAC3-4E25-8579-4B52585431EE}.Debug|x64.Build.0 = Debug|x64
		{8ACDDE94-AAC3-4E25-8579-4B52585431EE}.Debug|x86.ActiveCfg = Debug|Win32
		{8ACDDE94-AAC3-4E25-8579-4B52585431EE}.Debug|x86.Build.0 = Debug|Win32
		{8ACDDE94-AAC3-4E25-8579-4B52585431EE}.Release|x64.ActiveCfg = Release|x64
		{8ACDDE94-AAC3-4E25-8579-4B52585431EE}.Release|x64.Build.0 = Release|x64
		{8ACDDE94-AAC3-4E25-8579-4B52585431EE}.Release|x86.ActiveCfg = Release|Win32
		{8ACDDE94-AAC3-4E25-8579-4B52585431EE}.Release|x86.Build.0 = Release|Win32
		{13944075-84E0-4D57-8699-07C981140150}.Debug|x64.ActiveCfg = Debug|x64
		{13944075-84E0-4D57-8699-07C981140150}.Debug|x64.Build.0 = Debug|x64
		{13944075-84E0-4D57-8699-07C981140150}.Debug|x86.ActiveCfg = Debug|Win32
		{13944075-84E0-4D57-8699-07C981140150}.Debug|x86.Build.0 = Debug|Win32
		{13944075-84E0-4D57-8699-07C981140150}.Release|x64.ActiveCfg = Release|x64
		{13944075-84E0-4D57-8699-07C981140150}.Release|x64.Build.0 = Release|x64
		{13944075-84E0-4D57-8699-07C981140150}.Release|x86.ActiveCfg = Release|Win32
		{13944075-84E0-4D57-8699-07C981140150}.Release|x86.Build.0 = Release|Win32
		{57976FDA-74DE-4955-A520-537160677560}.Debug|x64.ActiveCfg = Debug|x64
		{57976FDA-74DE-4955-A520-537160677560}.Debug|x64.Build.0 = Debug|x64
		{57976FDA-74DE-4955-A520-537160677560}.Debug|x86.ActiveCfg = Debug|Win32
		{57976FDA-74DE-4955-A520-537160677560}.Debug|x86.Build.0 = Debug|Win32
		{57976FDA-74DE-4955-A520-537160677560}.Release|x64.ActiveCfg = Release|x64
		{57976FDA-74DE-4955-A520-537160677560}.Release|x64.Build.0 = Release|x64
		{57976FDA-74DE-4955-A520-537160677560}.Release|x86.ActiveCfg = Release|Win32
		{57976FDA-74DE-4955-A520-537160677560}.Release|x86.Build.0 = Release|Win32
		{D83E2904-B9F9-4ED9-B873-AB6EEA17B8AB}.Debug|x64.ActiveCfg = Debug|x64
		{D83E2904-B9F9-4ED9-B873-AB6EEA17B8AB}.Debug|x64.Build.0 = Debug|x64
		{D83E2904-B9F9-4ED9-B873-AB6EEA17B8AB}.Debug|x86.ActiveCfg = Debug|Win32
		{D83E2904-B9F9-4ED9-B873-AB6EEA17B8AB}.Debug|x86.Build.0 = Debug|Win32
		{D83E2904-B9F9-4ED9-B873-AB6EEA17B8AB}.Release|x64.ActiveCfg = Release|x64
		{D83E2904-B9F9-4ED9-B873-AB6EEA17B8AB}.Release|x64.Build.0 = Release|x64
		{D83E2904-B9F9-4ED9-B873-AB6EEA17B8AB}.Release|x86.ActiveCfg = Release|Win32
		{D83E2904-B9F9-4ED9-B873-AB6EEA17B8AB}.Release|x86.Build.0 = Release|Win32
	EndGlobalSection
	GlobalSection(SolutionProperties) = preSolution
		HideSolutionNode = FALSE
	EndGlobalSection
	GlobalSection(ExtensibilityGlobals) = postSolution
		SolutionGuid = {3726610A-8DA5-45CA-93DD-B170C2C88BF7}
	EndGlobalSection
EndGlobal
