
Microsoft Visual Studio Solution File, Format Version 12.00
# Visual Studio Version 17
VisualStudioVersion = 17.3.32929.385
MinimumVisualStudioVersion = 10.0.40219.1
Project("{8BC9CEB8-8B4A-11D0-8D11-00A0C91BC942}") = "Task1", "Task1\Task1.vcxproj", "{3729198F-1842-4A3F-94C9-66C6AA5D3517}"
EndProject
Project("{8BC9CEB8-8B4A-11D0-8D11-00A0C91BC942}") = "Task2", "Task2\Task2.vcxproj", "{E0FF6DBC-0E60-4CD6-90F7-DCF14C0C2EE8}"
EndProject
Project("{8BC9CEB8-8B4A-11D0-8D11-00A0C91BC942}") = "Task3", "Task3\Task3.vcxproj", "{4B79B643-367F-429C-84B1-F97F14D5C11B}"
EndProject
Project("{8BC9CEB8-8B4A-11D0-8D11-00A0C91BC942}") = "Task4", "Task4\Task4.vcxproj", "{D6596961-1296-4057-94FF-5B990C1724EC}"
EndProject
Project("{8BC9CEB8-8B4A-11D0-8D11-00A0C91BC942}") = "Task5", "Task5\Task5.vcxproj", "{ADD1D67C-B7B9-4424-B782-2297D1B02A27}"
EndProject
Project("{8BC9CEB8-8B4A-11D0-8D11-00A0C91BC942}") = "Task6", "Task6\Task6.vcxproj", "{F33FDDDE-E29C-4CAA-949E-38564ADC9B54}"
EndProject
Project("{8BC9CEB8-8B4A-11D0-8D11-00A0C91BC942}") = "Task7", "Task7\Task7.vcxproj", "{76128F2F-758B-4D15-8D70-19BC9E81417A}"
EndProject
Project("{8BC9CEB8-8B4A-11D0-8D11-00A0C91BC942}") = "Task8", "Task8\Task8.vcxproj", "{B218ED3E-9C15-40B3-92D5-88DD234BF53F}"
EndProject
Project("{8BC9CEB8-8B4A-11D0-8D11-00A0C91BC942}") = "Task9", "Task9\Task9.vcxproj", "{A754B196-1ACD-4AE4-95FF-9CE76F301961}"
EndProject
Project("{8BC9CEB8-8B4A-11D0-8D11-00A0C91BC942}") = "Task10", "Task10\Task10.vcxproj", "{AD725A79-726B-439A-8EE8-F3427F13AA7C}"
EndProject
Global
	GlobalSection(SolutionConfigurationPlatforms) = preSolution
		Debug|x64 = Debug|x64
		Debug|x86 = Debug|x86
		Release|x64 = Release|x64
		Release|x86 = Release|x86
	EndGlobalSection
	GlobalSection(ProjectConfigurationPlatforms) = postSolution
		{3729198F-1842-4A3F-94C9-66C6AA5D3517}.Debug|x64.ActiveCfg = Debug|x64
		{3729198F-1842-4A3F-94C9-66C6AA5D3517}.Debug|x64.Build.0 = Debug|x64
		{3729198F-1842-4A3F-94C9-66C6AA5D3517}.Debug|x86.ActiveCfg = Debug|Win32
		{3729198F-1842-4A3F-94C9-66C6AA5D3517}.Debug|x86.Build.0 = Debug|Win32
		{3729198F-1842-4A3F-94C9-66C6AA5D3517}.Release|x64.ActiveCfg = Release|x64
		{3729198F-1842-4A3F-94C9-66C6AA5D3517}.Release|x64.Build.0 = Release|x64
		{3729198F-1842-4A3F-94C9-66C6AA5D3517}.Release|x86.ActiveCfg = Release|Win32
		{3729198F-1842-4A3F-94C9-66C6AA5D3517}.Release|x86.Build.0 = Release|Win32
		{E0FF6DBC-0E60-4CD6-90F7-DCF14C0C2EE8}.Debug|x64.ActiveCfg = Debug|x64
		{E0FF6DBC-0E60-4CD6-90F7-DCF14C0C2EE8}.Debug|x64.Build.0 = Debug|x64
		{E0FF6DBC-0E60-4CD6-90F7-DCF14C0C2EE8}.Debug|x86.ActiveCfg = Debug|Win32
		{E0FF6DBC-0E60-4CD6-90F7-DCF14C0C2EE8}.Debug|x86.Build.0 = Debug|Win32
		{E0FF6DBC-0E60-4CD6-90F7-DCF14C0C2EE8}.Release|x64.ActiveCfg = Release|x64
		{E0FF6DBC-0E60-4CD6-90F7-DCF14C0C2EE8}.Release|x64.Build.0 = Release|x64
		{E0FF6DBC-0E60-4CD6-90F7-DCF14C0C2EE8}.Release|x86.ActiveCfg = Release|Win32
		{E0FF6DBC-0E60-4CD6-90F7-DCF14C0C2EE8}.Release|x86.Build.0 = Release|Win32
		{4B79B643-367F-429C-84B1-F97F14D5C11B}.Debug|x64.ActiveCfg = Debug|x64
		{4B79B643-367F-429C-84B1-F97F14D5C11B}.Debug|x64.Build.0 = Debug|x64
		{4B79B643-367F-429C-84B1-F97F14D5C11B}.Debug|x86.ActiveCfg = Debug|Win32
		{4B79B643-367F-429C-84B1-F97F14D5C11B}.Debug|x86.Build.0 = Debug|Win32
		{4B79B643-367F-429C-84B1-F97F14D5C11B}.Release|x64.ActiveCfg = Release|x64
		{4B79B643-367F-429C-84B1-F97F14D5C11B}.Release|x64.Build.0 = Release|x64
		{4B79B643-367F-429C-84B1-F97F14D5C11B}.Release|x86.ActiveCfg = Release|Win32
		{4B79B643-367F-429C-84B1-F97F14D5C11B}.Release|x86.Build.0 = Release|Win32
		{D6596961-1296-4057-94FF-5B990C1724EC}.Debug|x64.ActiveCfg = Debug|x64
		{D6596961-1296-4057-94FF-5B990C1724EC}.Debug|x64.Build.0 = Debug|x64
		{D6596961-1296-4057-94FF-5B990C1724EC}.Debug|x86.ActiveCfg = Debug|Win32
		{D6596961-1296-4057-94FF-5B990C1724EC}.Debug|x86.Build.0 = Debug|Win32
		{D6596961-1296-4057-94FF-5B990C1724EC}.Release|x64.ActiveCfg = Release|x64
		{D6596961-1296-4057-94FF-5B990C1724EC}.Release|x64.Build.0 = Release|x64
		{D6596961-1296-4057-94FF-5B990C1724EC}.Release|x86.ActiveCfg = Release|Win32
		{D6596961-1296-4057-94FF-5B990C1724EC}.Release|x86.Build.0 = Release|Win32
		{ADD1D67C-B7B9-4424-B782-2297D1B02A27}.Debug|x64.ActiveCfg = Debug|x64
		{ADD1D67C-B7B9-4424-B782-2297D1B02A27}.Debug|x64.Build.0 = Debug|x64
		{ADD1D67C-B7B9-4424-B782-2297D1B02A27}.Debug|x86.ActiveCfg = Debug|Win32
		{ADD1D67C-B7B9-4424-B782-2297D1B02A27}.Debug|x86.Build.0 = Debug|Win32
		{ADD1D67C-B7B9-4424-B782-2297D1B02A27}.Release|x64.ActiveCfg = Release|x64
		{ADD1D67C-B7B9-4424-B782-2297D1B02A27}.Release|x64.Build.0 = Release|x64
		{ADD1D67C-B7B9-4424-B782-2297D1B02A27}.Release|x86.ActiveCfg = Release|Win32
		{ADD1D67C-B7B9-4424-B782-2297D1B02A27}.Release|x86.Build.0 = Release|Win32
		{F33FDDDE-E29C-4CAA-949E-38564ADC9B54}.Debug|x64.ActiveCfg = Debug|x64
		{F33FDDDE-E29C-4CAA-949E-38564ADC9B54}.Debug|x64.Build.0 = Debug|x64
		{F33FDDDE-E29C-4CAA-949E-38564ADC9B54}.Debug|x86.ActiveCfg = Debug|Win32
		{F33FDDDE-E29C-4CAA-949E-38564ADC9B54}.Debug|x86.Build.0 = Debug|Win32
		{F33FDDDE-E29C-4CAA-949E-38564ADC9B54}.Release|x64.ActiveCfg = Release|x64
		{F33FDDDE-E29C-4CAA-949E-38564ADC9B54}.Release|x64.Build.0 = Release|x64
		{F33FDDDE-E29C-4CAA-949E-38564ADC9B54}.Release|x86.ActiveCfg = Release|Win32
		{F33FDDDE-E29C-4CAA-949E-38564ADC9B54}.Release|x86.Build.0 = Release|Win32
		{76128F2F-758B-4D15-8D70-19BC9E81417A}.Debug|x64.ActiveCfg = Debug|x64
		{76128F2F-758B-4D15-8D70-19BC9E81417A}.Debug|x64.Build.0 = Debug|x64
		{76128F2F-758B-4D15-8D70-19BC9E81417A}.Debug|x86.ActiveCfg = Debug|Win32
		{76128F2F-758B-4D15-8D70-19BC9E81417A}.Debug|x86.Build.0 = Debug|Win32
		{76128F2F-758B-4D15-8D70-19BC9E81417A}.Release|x64.ActiveCfg = Release|x64
		{76128F2F-758B-4D15-8D70-19BC9E81417A}.Release|x64.Build.0 = Release|x64
		{76128F2F-758B-4D15-8D70-19BC9E81417A}.Release|x86.ActiveCfg = Release|Win32
		{76128F2F-758B-4D15-8D70-19BC9E81417A}.Release|x86.Build.0 = Release|Win32
		{B218ED3E-9C15-40B3-92D5-88DD234BF53F}.Debug|x64.ActiveCfg = Debug|x64
		{B218ED3E-9C15-40B3-92D5-88DD234BF53F}.Debug|x64.Build.0 = Debug|x64
		{B218ED3E-9C15-40B3-92D5-88DD234BF53F}.Debug|x86.ActiveCfg = Debug|Win32
		{B218ED3E-9C15-40B3-92D5-88DD234BF53F}.Debug|x86.Build.0 = Debug|Win32
		{B218ED3E-9C15-40B3-92D5-88DD234BF53F}.Release|x64.ActiveCfg = Release|x64
		{B218ED3E-9C15-40B3-92D5-88DD234BF53F}.Release|x64.Build.0 = Release|x64
		{B218ED3E-9C15-40B3-92D5-88DD234BF53F}.Release|x86.ActiveCfg = Release|Win32
		{B218ED3E-9C15-40B3-92D5-88DD234BF53F}.Release|x86.Build.0 = Release|Win32
		{A754B196-1ACD-4AE4-95FF-9CE76F301961}.Debug|x64.ActiveCfg = Debug|x64
		{A754B196-1ACD-4AE4-95FF-9CE76F301961}.Debug|x64.Build.0 = Debug|x64
		{A754B196-1ACD-4AE4-95FF-9CE76F301961}.Debug|x86.ActiveCfg = Debug|Win32
		{A754B196-1ACD-4AE4-95FF-9CE76F301961}.Debug|x86.Build.0 = Debug|Win32
		{A754B196-1ACD-4AE4-95FF-9CE76F301961}.Release|x64.ActiveCfg = Release|x64
		{A754B196-1ACD-4AE4-95FF-9CE76F301961}.Release|x64.Build.0 = Release|x64
		{A754B196-1ACD-4AE4-95FF-9CE76F301961}.Release|x86.ActiveCfg = Release|Win32
		{A754B196-1ACD-4AE4-95FF-9CE76F301961}.Release|x86.Build.0 = Release|Win32
		{AD725A79-726B-439A-8EE8-F3427F13AA7C}.Debug|x64.ActiveCfg = Debug|x64
		{AD725A79-726B-439A-8EE8-F3427F13AA7C}.Debug|x64.Build.0 = Debug|x64
		{AD725A79-726B-439A-8EE8-F3427F13AA7C}.Debug|x86.ActiveCfg = Debug|Win32
		{AD725A79-726B-439A-8EE8-F3427F13AA7C}.Debug|x86.Build.0 = Debug|Win32
		{AD725A79-726B-439A-8EE8-F3427F13AA7C}.Release|x64.ActiveCfg = Release|x64
		{AD725A79-726B-439A-8EE8-F3427F13AA7C}.Release|x64.Build.0 = Release|x64
		{AD725A79-726B-439A-8EE8-F3427F13AA7C}.Release|x86.ActiveCfg = Release|Win32
		{AD725A79-726B-439A-8EE8-F3427F13AA7C}.Release|x86.Build.0 = Release|Win32
	EndGlobalSection
	GlobalSection(SolutionProperties) = preSolution
		HideSolutionNode = FALSE
	EndGlobalSection
	GlobalSection(ExtensibilityGlobals) = postSolution
		SolutionGuid = {3F9DF2F5-C883-446A-878D-ABFB294C750B}
	EndGlobalSection
EndGlobal
