
Microsoft Visual Studio Solution File, Format Version 12.00
# Visual Studio Version 17
VisualStudioVersion = 17.3.32929.385
MinimumVisualStudioVersion = 10.0.40219.1
Project("{8BC9CEB8-8B4A-11D0-8D11-00A0C91BC942}") = "Task1", "Task1\Task1.vcxproj", "{91BF1B9E-8CCC-461A-B611-7E66DE2B2106}"
EndProject
Project("{8BC9CEB8-8B4A-11D0-8D11-00A0C91BC942}") = "Task2", "Task2\Task2.vcxproj", "{F84DCA2E-AEFA-4BFB-A82B-B59AA7628C8D}"
EndProject
Project("{8BC9CEB8-8B4A-11D0-8D11-00A0C91BC942}") = "Task3", "Task3\Task3.vcxproj", "{AC287CDB-3C31-43AE-8D5A-ACBB24BBF9EE}"
EndProject
Project("{8BC9CEB8-8B4A-11D0-8D11-00A0C91BC942}") = "Task4", "Task4\Task4.vcxproj", "{E9DCDD27-4FE3-469D-AB33-97B33371625E}"
EndProject
Project("{8BC9CEB8-8B4A-11D0-8D11-00A0C91BC942}") = "Task5", "Task5\Task5.vcxproj", "{9BF7A676-2B24-4764-9BB7-B3C8BBAA1066}"
EndProject
Project("{8BC9CEB8-8B4A-11D0-8D11-00A0C91BC942}") = "Task6", "Task6\Task6.vcxproj", "{A28522B0-D7D1-4071-BE99-A5723425B834}"
EndProject
Project("{8BC9CEB8-8B4A-11D0-8D11-00A0C91BC942}") = "Task7", "Task7\Task7.vcxproj", "{486D2D06-4FC4-4DCA-BBFC-FF9B41ADB608}"
EndProject
Project("{8BC9CEB8-8B4A-11D0-8D11-00A0C91BC942}") = "Task8", "Task8\Task8.vcxproj", "{E998F4FC-67DA-4362-B07C-939FE3A89BA2}"
EndProject
Project("{8BC9CEB8-8B4A-11D0-8D11-00A0C91BC942}") = "Task9", "Task9\Task9.vcxproj", "{59E5821B-6063-442E-A0C0-8730702DD131}"
EndProject
Project("{8BC9CEB8-8B4A-11D0-8D11-00A0C91BC942}") = "Task10", "Task10\Task10.vcxproj", "{A2E34C8D-8694-4DB3-A7CD-AD130AD19699}"
EndProject
Global
	GlobalSection(SolutionConfigurationPlatforms) = preSolution
		Debug|x64 = Debug|x64
		Debug|x86 = Debug|x86
		Release|x64 = Release|x64
		Release|x86 = Release|x86
	EndGlobalSection
	GlobalSection(ProjectConfigurationPlatforms) = postSolution
		{91BF1B9E-8CCC-461A-B611-7E66DE2B2106}.Debug|x64.ActiveCfg = Debug|x64
		{91BF1B9E-8CCC-461A-B611-7E66DE2B2106}.Debug|x64.Build.0 = Debug|x64
		{91BF1B9E-8CCC-461A-B611-7E66DE2B2106}.Debug|x86.ActiveCfg = Debug|Win32
		{91BF1B9E-8CCC-461A-B611-7E66DE2B2106}.Debug|x86.Build.0 = Debug|Win32
		{91BF1B9E-8CCC-461A-B611-7E66DE2B2106}.Release|x64.ActiveCfg = Release|x64
		{91BF1B9E-8CCC-461A-B611-7E66DE2B2106}.Release|x64.Build.0 = Release|x64
		{91BF1B9E-8CCC-461A-B611-7E66DE2B2106}.Release|x86.ActiveCfg = Release|Win32
		{91BF1B9E-8CCC-461A-B611-7E66DE2B2106}.Release|x86.Build.0 = Release|Win32
		{F84DCA2E-AEFA-4BFB-A82B-B59AA7628C8D}.Debug|x64.ActiveCfg = Debug|x64
		{F84DCA2E-AEFA-4BFB-A82B-B59AA7628C8D}.Debug|x64.Build.0 = Debug|x64
		{F84DCA2E-AEFA-4BFB-A82B-B59AA7628C8D}.Debug|x86.ActiveCfg = Debug|Win32
		{F84DCA2E-AEFA-4BFB-A82B-B59AA7628C8D}.Debug|x86.Build.0 = Debug|Win32
		{F84DCA2E-AEFA-4BFB-A82B-B59AA7628C8D}.Release|x64.ActiveCfg = Release|x64
		{F84DCA2E-AEFA-4BFB-A82B-B59AA7628C8D}.Release|x64.Build.0 = Release|x64
		{F84DCA2E-AEFA-4BFB-A82B-B59AA7628C8D}.Release|x86.ActiveCfg = Release|Win32
		{F84DCA2E-AEFA-4BFB-A82B-B59AA7628C8D}.Release|x86.Build.0 = Release|Win32
		{AC287CDB-3C31-43AE-8D5A-ACBB24BBF9EE}.Debug|x64.ActiveCfg = Debug|x64
		{AC287CDB-3C31-43AE-8D5A-ACBB24BBF9EE}.Debug|x64.Build.0 = Debug|x64
		{AC287CDB-3C31-43AE-8D5A-ACBB24BBF9EE}.Debug|x86.ActiveCfg = Debug|Win32
		{AC287CDB-3C31-43AE-8D5A-ACBB24BBF9EE}.Debug|x86.Build.0 = Debug|Win32
		{AC287CDB-3C31-43AE-8D5A-ACBB24BBF9EE}.Release|x64.ActiveCfg = Release|x64
		{AC287CDB-3C31-43AE-8D5A-ACBB24BBF9EE}.Release|x64.Build.0 = Release|x64
		{AC287CDB-3C31-43AE-8D5A-ACBB24BBF9EE}.Release|x86.ActiveCfg = Release|Win32
		{AC287CDB-3C31-43AE-8D5A-ACBB24BBF9EE}.Release|x86.Build.0 = Release|Win32
		{E9DCDD27-4FE3-469D-AB33-97B33371625E}.Debug|x64.ActiveCfg = Debug|x64
		{E9DCDD27-4FE3-469D-AB33-97B33371625E}.Debug|x64.Build.0 = Debug|x64
		{E9DCDD27-4FE3-469D-AB33-97B33371625E}.Debug|x86.ActiveCfg = Debug|Win32
		{E9DCDD27-4FE3-469D-AB33-97B33371625E}.Debug|x86.Build.0 = Debug|Win32
		{E9DCDD27-4FE3-469D-AB33-97B33371625E}.Release|x64.ActiveCfg = Release|x64
		{E9DCDD27-4FE3-469D-AB33-97B33371625E}.Release|x64.Build.0 = Release|x64
		{E9DCDD27-4FE3-469D-AB33-97B33371625E}.Release|x86.ActiveCfg = Release|Win32
		{E9DCDD27-4FE3-469D-AB33-97B33371625E}.Release|x86.Build.0 = Release|Win32
		{9BF7A676-2B24-4764-9BB7-B3C8BBAA1066}.Debug|x64.ActiveCfg = Debug|x64
		{9BF7A676-2B24-4764-9BB7-B3C8BBAA1066}.Debug|x64.Build.0 = Debug|x64
		{9BF7A676-2B24-4764-9BB7-B3C8BBAA1066}.Debug|x86.ActiveCfg = Debug|Win32
		{9BF7A676-2B24-4764-9BB7-B3C8BBAA1066}.Debug|x86.Build.0 = Debug|Win32
		{9BF7A676-2B24-4764-9BB7-B3C8BBAA1066}.Release|x64.ActiveCfg = Release|x64
		{9BF7A676-2B24-4764-9BB7-B3C8BBAA1066}.Release|x64.Build.0 = Release|x64
		{9BF7A676-2B24-4764-9BB7-B3C8BBAA1066}.Release|x86.ActiveCfg = Release|Win32
		{9BF7A676-2B24-4764-9BB7-B3C8BBAA1066}.Release|x86.Build.0 = Release|Win32
		{A28522B0-D7D1-4071-BE99-A5723425B834}.Debug|x64.ActiveCfg = Debug|x64
		{A28522B0-D7D1-4071-BE99-A5723425B834}.Debug|x64.Build.0 = Debug|x64
		{A28522B0-D7D1-4071-BE99-A5723425B834}.Debug|x86.ActiveCfg = Debug|Win32
		{A28522B0-D7D1-4071-BE99-A5723425B834}.Debug|x86.Build.0 = Debug|Win32
		{A28522B0-D7D1-4071-BE99-A5723425B834}.Release|x64.ActiveCfg = Release|x64
		{A28522B0-D7D1-4071-BE99-A5723425B834}.Release|x64.Build.0 = Release|x64
		{A28522B0-D7D1-4071-BE99-A5723425B834}.Release|x86.ActiveCfg = Release|Win32
		{A28522B0-D7D1-4071-BE99-A5723425B834}.Release|x86.Build.0 = Release|Win32
		{486D2D06-4FC4-4DCA-BBFC-FF9B41ADB608}.Debug|x64.ActiveCfg = Debug|x64
		{486D2D06-4FC4-4DCA-BBFC-FF9B41ADB608}.Debug|x64.Build.0 = Debug|x64
		{486D2D06-4FC4-4DCA-BBFC-FF9B41ADB608}.Debug|x86.ActiveCfg = Debug|Win32
		{486D2D06-4FC4-4DCA-BBFC-FF9B41ADB608}.Debug|x86.Build.0 = Debug|Win32
		{486D2D06-4FC4-4DCA-BBFC-FF9B41ADB608}.Release|x64.ActiveCfg = Release|x64
		{486D2D06-4FC4-4DCA-BBFC-FF9B41ADB608}.Release|x64.Build.0 = Release|x64
		{486D2D06-4FC4-4DCA-BBFC-FF9B41ADB608}.Release|x86.ActiveCfg = Release|Win32
		{486D2D06-4FC4-4DCA-BBFC-FF9B41ADB608}.Release|x86.Build.0 = Release|Win32
		{E998F4FC-67DA-4362-B07C-939FE3A89BA2}.Debug|x64.ActiveCfg = Debug|x64
		{E998F4FC-67DA-4362-B07C-939FE3A89BA2}.Debug|x64.Build.0 = Debug|x64
		{E998F4FC-67DA-4362-B07C-939FE3A89BA2}.Debug|x86.ActiveCfg = Debug|Win32
		{E998F4FC-67DA-4362-B07C-939FE3A89BA2}.Debug|x86.Build.0 = Debug|Win32
		{E998F4FC-67DA-4362-B07C-939FE3A89BA2}.Release|x64.ActiveCfg = Release|x64
		{E998F4FC-67DA-4362-B07C-939FE3A89BA2}.Release|x64.Build.0 = Release|x64
		{E998F4FC-67DA-4362-B07C-939FE3A89BA2}.Release|x86.ActiveCfg = Release|Win32
		{E998F4FC-67DA-4362-B07C-939FE3A89BA2}.Release|x86.Build.0 = Release|Win32
		{59E5821B-6063-442E-A0C0-8730702DD131}.Debug|x64.ActiveCfg = Debug|x64
		{59E5821B-6063-442E-A0C0-8730702DD131}.Debug|x64.Build.0 = Debug|x64
		{59E5821B-6063-442E-A0C0-8730702DD131}.Debug|x86.ActiveCfg = Debug|Win32
		{59E5821B-6063-442E-A0C0-8730702DD131}.Debug|x86.Build.0 = Debug|Win32
		{59E5821B-6063-442E-A0C0-8730702DD131}.Release|x64.ActiveCfg = Release|x64
		{59E5821B-6063-442E-A0C0-8730702DD131}.Release|x64.Build.0 = Release|x64
		{59E5821B-6063-442E-A0C0-8730702DD131}.Release|x86.ActiveCfg = Release|Win32
		{59E5821B-6063-442E-A0C0-8730702DD131}.Release|x86.Build.0 = Release|Win32
		{A2E34C8D-8694-4DB3-A7CD-AD130AD19699}.Debug|x64.ActiveCfg = Debug|x64
		{A2E34C8D-8694-4DB3-A7CD-AD130AD19699}.Debug|x64.Build.0 = Debug|x64
		{A2E34C8D-8694-4DB3-A7CD-AD130AD19699}.Debug|x86.ActiveCfg = Debug|Win32
		{A2E34C8D-8694-4DB3-A7CD-AD130AD19699}.Debug|x86.Build.0 = Debug|Win32
		{A2E34C8D-8694-4DB3-A7CD-AD130AD19699}.Release|x64.ActiveCfg = Release|x64
		{A2E34C8D-8694-4DB3-A7CD-AD130AD19699}.Release|x64.Build.0 = Release|x64
		{A2E34C8D-8694-4DB3-A7CD-AD130AD19699}.Release|x86.ActiveCfg = Release|Win32
		{A2E34C8D-8694-4DB3-A7CD-AD130AD19699}.Release|x86.Build.0 = Release|Win32
	EndGlobalSection
	GlobalSection(SolutionProperties) = preSolution
		HideSolutionNode = FALSE
	EndGlobalSection
	GlobalSection(ExtensibilityGlobals) = postSolution
		SolutionGuid = {C5810D39-4549-4097-92CF-F34C90D61204}
	EndGlobalSection
EndGlobal
